
Microsoft Visual Studio Solution File, Format Version 12.00
# Visual Studio Version 17
VisualStudioVersion = 17.2.32630.192
MinimumVisualStudioVersion = 10.0.40219.1
Project("{8BC9CEB8-8B4A-11D0-8D11-00A0C91BC942}") = "problem40_copy_distinct_numbers_to_array", "problem40_copy_distinct_numbers_to_array.vcxproj", "{C3210FA4-6731-48F3-904C-11528873ECBA}"
EndProject
Global
	GlobalSection(SolutionConfigurationPlatforms) = preSolution
		Debug|x64 = Debug|x64
		Debug|x86 = Debug|x86
		Release|x64 = Release|x64
		Release|x86 = Release|x86
	EndGlobalSection
	GlobalSection(ProjectConfigurationPlatforms) = postSolution
		{C3210FA4-6731-48F3-904C-11528873ECBA}.Debug|x64.ActiveCfg = Debug|x64
		{C3210FA4-6731-48F3-904C-11528873ECBA}.Debug|x64.Build.0 = Debug|x64
		{C3210FA4-6731-48F3-904C-11528873ECBA}.Debug|x86.ActiveCfg = Debug|Win32
		{C3210FA4-6731-48F3-904C-11528873ECBA}.Debug|x86.Build.0 = Debug|Win32
		{C3210FA4-6731-48F3-904C-11528873ECBA}.Release|x64.ActiveCfg = Release|x64
		{C3210FA4-6731-48F3-904C-11528873ECBA}.Release|x64.Build.0 = Release|x64
		{C3210FA4-6731-48F3-904C-11528873ECBA}.Release|x86.ActiveCfg = Release|Win32
		{C3210FA4-6731-48F3-904C-11528873ECBA}.Release|x86.Build.0 = Release|Win32
	EndGlobalSection
	GlobalSection(SolutionProperties) = preSolution
		HideSolutionNode = FALSE
	EndGlobalSection
	GlobalSection(ExtensibilityGlobals) = postSolution
		SolutionGuid = {AE6227D3-67DC-4243-B087-05B77D8F4B3D}
	EndGlobalSection
EndGlobal
