
Microsoft Visual Studio Solution File, Format Version 12.00
# Visual Studio Version 17
VisualStudioVersion = 17.2.32630.192
MinimumVisualStudioVersion = 10.0.40219.1
Project("{8BC9CEB8-8B4A-11D0-8D11-00A0C91BC942}") = "problem4_perfect_Num_1-N", "problem4_perfect_Num_1-N.vcxproj", "{215F6CC3-999E-4A5F-947B-56887631DA12}"
EndProject
Global
	GlobalSection(SolutionConfigurationPlatforms) = preSolution
		Debug|x64 = Debug|x64
		Debug|x86 = Debug|x86
		Release|x64 = Release|x64
		Release|x86 = Release|x86
	EndGlobalSection
	GlobalSection(ProjectConfigurationPlatforms) = postSolution
		{215F6CC3-999E-4A5F-947B-56887631DA12}.Debug|x64.ActiveCfg = Debug|x64
		{215F6CC3-999E-4A5F-947B-56887631DA12}.Debug|x64.Build.0 = Debug|x64
		{215F6CC3-999E-4A5F-947B-56887631DA12}.Debug|x86.ActiveCfg = Debug|Win32
		{215F6CC3-999E-4A5F-947B-56887631DA12}.Debug|x86.Build.0 = Debug|Win32
		{215F6CC3-999E-4A5F-947B-56887631DA12}.Release|x64.ActiveCfg = Release|x64
		{215F6CC3-999E-4A5F-947B-56887631DA12}.Release|x64.Build.0 = Release|x64
		{215F6CC3-999E-4A5F-947B-56887631DA12}.Release|x86.ActiveCfg = Release|Win32
		{215F6CC3-999E-4A5F-947B-56887631DA12}.Release|x86.Build.0 = Release|Win32
	EndGlobalSection
	GlobalSection(SolutionProperties) = preSolution
		HideSolutionNode = FALSE
	EndGlobalSection
	GlobalSection(ExtensibilityGlobals) = postSolution
		SolutionGuid = {92704AA6-7743-481D-8E86-61AFAB2C0426}
	EndGlobalSection
EndGlobal
